
Microsoft Visual Studio Solution File, Format Version 10.00
# Visual Studio 2008
Project("{FAE04EC0-301F-11D3-BF4B-00C04F79EFBC}") = "BlogItemEditor", "BlogItemEditor.csproj", "{F81AB5EB-B21C-4AAD-98BB-48BC15B50596}"
EndProject
Project("{FAE04EC0-301F-11D3-BF4B-00C04F79EFBC}") = "VSXtra", "..\..\..\Runtime\VSXTra\VSXtra.csproj", "{7C6D8E7F-2CC4-431D-8D96-1BB86F869DE8}"
EndProject
Global
	GlobalSection(TeamFoundationVersionControl) = preSolution
		SccNumberOfProjects = 3
		SccEnterpriseProvider = {4CA58AB2-18FA-4F8D-95D4-32DDF27D184C}
		SccTeamFoundationServer = https://tfs02.codeplex.com/
		SccProjectUniqueName0 = BlogItemEditor.csproj
		SccLocalPath0 = .
		SccProjectUniqueName1 = ..\\..\\..\\Runtime\\VSXTra\\VSXtra.csproj
		SccProjectName1 = ../../../Runtime/VSXTra
		SccLocalPath1 = ..\\..\\..\\Runtime\\VSXTra
		SccLocalPath2 = .
	EndGlobalSection
	GlobalSection(SolutionConfigurationPlatforms) = preSolution
		Debug|Any CPU = Debug|Any CPU
		Release|Any CPU = Release|Any CPU
	EndGlobalSection
	GlobalSection(ProjectConfigurationPlatforms) = postSolution
		{F81AB5EB-B21C-4AAD-98BB-48BC15B50596}.Debug|Any CPU.ActiveCfg = Debug|Any CPU
		{F81AB5EB-B21C-4AAD-98BB-48BC15B50596}.Debug|Any CPU.Build.0 = Debug|Any CPU
		{F81AB5EB-B21C-4AAD-98BB-48BC15B50596}.Release|Any CPU.ActiveCfg = Release|Any CPU
		{F81AB5EB-B21C-4AAD-98BB-48BC15B50596}.Release|Any CPU.Build.0 = Release|Any CPU
		{7C6D8E7F-2CC4-431D-8D96-1BB86F869DE8}.Debug|Any CPU.ActiveCfg = Debug|Any CPU
		{7C6D8E7F-2CC4-431D-8D96-1BB86F869DE8}.Debug|Any CPU.Build.0 = Debug|Any CPU
		{7C6D8E7F-2CC4-431D-8D96-1BB86F869DE8}.Release|Any CPU.ActiveCfg = Release|Any CPU
		{7C6D8E7F-2CC4-431D-8D96-1BB86F869DE8}.Release|Any CPU.Build.0 = Release|Any CPU
	EndGlobalSection
	GlobalSection(SolutionProperties) = preSolution
		HideSolutionNode = FALSE
	EndGlobalSection
EndGlobal
